
Microsoft Visual Studio Solution File, Format Version 12.00
# Visual Studio Version 17
VisualStudioVersion = 17.11.35219.272
MinimumVisualStudioVersion = 10.0.40219.1
Project("{8BC9CEB8-8B4A-11D0-8D11-00A0C91BC942}") = "利用指针判断数组中的最大最小值", "利用指针判断数组中的最大最小值\利用指针判断数组中的最大最小值.vcxproj", "{9A774821-17EB-4125-9F57-A66C92A65485}"
EndProject
Global
	GlobalSection(SolutionConfigurationPlatforms) = preSolution
		Debug|x64 = Debug|x64
		Debug|x86 = Debug|x86
		Release|x64 = Release|x64
		Release|x86 = Release|x86
	EndGlobalSection
	GlobalSection(ProjectConfigurationPlatforms) = postSolution
		{9A774821-17EB-4125-9F57-A66C92A65485}.Debug|x64.ActiveCfg = Debug|x64
		{9A774821-17EB-4125-9F57-A66C92A65485}.Debug|x64.Build.0 = Debug|x64
		{9A774821-17EB-4125-9F57-A66C92A65485}.Debug|x86.ActiveCfg = Debug|Win32
		{9A774821-17EB-4125-9F57-A66C92A65485}.Debug|x86.Build.0 = Debug|Win32
		{9A774821-17EB-4125-9F57-A66C92A65485}.Release|x64.ActiveCfg = Release|x64
		{9A774821-17EB-4125-9F57-A66C92A65485}.Release|x64.Build.0 = Release|x64
		{9A774821-17EB-4125-9F57-A66C92A65485}.Release|x86.ActiveCfg = Release|Win32
		{9A774821-17EB-4125-9F57-A66C92A65485}.Release|x86.Build.0 = Release|Win32
	EndGlobalSection
	GlobalSection(SolutionProperties) = preSolution
		HideSolutionNode = FALSE
	EndGlobalSection
	GlobalSection(ExtensibilityGlobals) = postSolution
		SolutionGuid = {5517CABE-C3AB-4895-8DB2-6A64FAE85327}
	EndGlobalSection
EndGlobal
