
Microsoft Visual Studio Solution File, Format Version 12.00
# Visual Studio Version 17
VisualStudioVersion = 17.11.35219.272
MinimumVisualStudioVersion = 10.0.40219.1
Project("{8BC9CEB8-8B4A-11D0-8D11-00A0C91BC942}") = "反转数组", "反转数组\反转数组.vcxproj", "{B174BEF9-ABC5-4557-B1FF-E47D1758ED50}"
EndProject
Global
	GlobalSection(SolutionConfigurationPlatforms) = preSolution
		Debug|x64 = Debug|x64
		Debug|x86 = Debug|x86
		Release|x64 = Release|x64
		Release|x86 = Release|x86
	EndGlobalSection
	GlobalSection(ProjectConfigurationPlatforms) = postSolution
		{B174BEF9-ABC5-4557-B1FF-E47D1758ED50}.Debug|x64.ActiveCfg = Debug|x64
		{B174BEF9-ABC5-4557-B1FF-E47D1758ED50}.Debug|x64.Build.0 = Debug|x64
		{B174BEF9-ABC5-4557-B1FF-E47D1758ED50}.Debug|x86.ActiveCfg = Debug|Win32
		{B174BEF9-ABC5-4557-B1FF-E47D1758ED50}.Debug|x86.Build.0 = Debug|Win32
		{B174BEF9-ABC5-4557-B1FF-E47D1758ED50}.Release|x64.ActiveCfg = Release|x64
		{B174BEF9-ABC5-4557-B1FF-E47D1758ED50}.Release|x64.Build.0 = Release|x64
		{B174BEF9-ABC5-4557-B1FF-E47D1758ED50}.Release|x86.ActiveCfg = Release|Win32
		{B174BEF9-ABC5-4557-B1FF-E47D1758ED50}.Release|x86.Build.0 = Release|Win32
	EndGlobalSection
	GlobalSection(SolutionProperties) = preSolution
		HideSolutionNode = FALSE
	EndGlobalSection
	GlobalSection(ExtensibilityGlobals) = postSolution
		SolutionGuid = {1D42BBA6-FEA3-45F6-ADB9-AAC94D1AFB45}
	EndGlobalSection
EndGlobal
