
Microsoft Visual Studio Solution File, Format Version 12.00
# Visual Studio Version 17
VisualStudioVersion = 17.11.35219.272
MinimumVisualStudioVersion = 10.0.40219.1
Project("{8BC9CEB8-8B4A-11D0-8D11-00A0C91BC942}") = "闰年展示 洛谷 - P5737", "闰年展示 洛谷 - P5737\闰年展示 洛谷 - P5737.vcxproj", "{9650530B-E6E7-4536-B8D9-CDE374DDA937}"
EndProject
Global
	GlobalSection(SolutionConfigurationPlatforms) = preSolution
		Debug|x64 = Debug|x64
		Debug|x86 = Debug|x86
		Release|x64 = Release|x64
		Release|x86 = Release|x86
	EndGlobalSection
	GlobalSection(ProjectConfigurationPlatforms) = postSolution
		{9650530B-E6E7-4536-B8D9-CDE374DDA937}.Debug|x64.ActiveCfg = Debug|x64
		{9650530B-E6E7-4536-B8D9-CDE374DDA937}.Debug|x64.Build.0 = Debug|x64
		{9650530B-E6E7-4536-B8D9-CDE374DDA937}.Debug|x86.ActiveCfg = Debug|Win32
		{9650530B-E6E7-4536-B8D9-CDE374DDA937}.Debug|x86.Build.0 = Debug|Win32
		{9650530B-E6E7-4536-B8D9-CDE374DDA937}.Release|x64.ActiveCfg = Release|x64
		{9650530B-E6E7-4536-B8D9-CDE374DDA937}.Release|x64.Build.0 = Release|x64
		{9650530B-E6E7-4536-B8D9-CDE374DDA937}.Release|x86.ActiveCfg = Release|Win32
		{9650530B-E6E7-4536-B8D9-CDE374DDA937}.Release|x86.Build.0 = Release|Win32
	EndGlobalSection
	GlobalSection(SolutionProperties) = preSolution
		HideSolutionNode = FALSE
	EndGlobalSection
	GlobalSection(ExtensibilityGlobals) = postSolution
		SolutionGuid = {1C7D1B74-731D-460C-A73E-9F6C929EDD5F}
	EndGlobalSection
EndGlobal
