
Microsoft Visual Studio Solution File, Format Version 12.00
# Visual Studio Version 17
VisualStudioVersion = 17.11.35219.272
MinimumVisualStudioVersion = 10.0.40219.1
Project("{8BC9CEB8-8B4A-11D0-8D11-00A0C91BC942}") = "歌唱比赛 洛谷 - P5738", "歌唱比赛 洛谷 - P5738\歌唱比赛 洛谷 - P5738.vcxproj", "{58630169-EED9-46A5-953B-1BB282A16452}"
EndProject
Global
	GlobalSection(SolutionConfigurationPlatforms) = preSolution
		Debug|x64 = Debug|x64
		Debug|x86 = Debug|x86
		Release|x64 = Release|x64
		Release|x86 = Release|x86
	EndGlobalSection
	GlobalSection(ProjectConfigurationPlatforms) = postSolution
		{58630169-EED9-46A5-953B-1BB282A16452}.Debug|x64.ActiveCfg = Debug|x64
		{58630169-EED9-46A5-953B-1BB282A16452}.Debug|x64.Build.0 = Debug|x64
		{58630169-EED9-46A5-953B-1BB282A16452}.Debug|x86.ActiveCfg = Debug|Win32
		{58630169-EED9-46A5-953B-1BB282A16452}.Debug|x86.Build.0 = Debug|Win32
		{58630169-EED9-46A5-953B-1BB282A16452}.Release|x64.ActiveCfg = Release|x64
		{58630169-EED9-46A5-953B-1BB282A16452}.Release|x64.Build.0 = Release|x64
		{58630169-EED9-46A5-953B-1BB282A16452}.Release|x86.ActiveCfg = Release|Win32
		{58630169-EED9-46A5-953B-1BB282A16452}.Release|x86.Build.0 = Release|Win32
	EndGlobalSection
	GlobalSection(SolutionProperties) = preSolution
		HideSolutionNode = FALSE
	EndGlobalSection
	GlobalSection(ExtensibilityGlobals) = postSolution
		SolutionGuid = {15769F65-7A4A-441F-B6CE-DE44D5F2BF95}
	EndGlobalSection
EndGlobal
